
Microsoft Visual Studio Solution File, Format Version 12.00
# Visual Studio 15
Project("{FAE04EC0-301F-11D3-BF4B-00C04F79EFBC}") = "BoredApp.Android", "BoredApp.Android\BoredApp.Android.csproj", "{9DD4BECE-96B9-42D2-AECA-6CCDD7686625}"
EndProject
Project("{FAE04EC0-301F-11D3-BF4B-00C04F79EFBC}") = "BoredApp.iOS", "BoredApp.iOS\BoredApp.iOS.csproj", "{2AB5F763-9722-4CAD-B276-1FAA4CE35474}"
EndProject
Project("{FAE04EC0-301F-11D3-BF4B-00C04F79EFBC}") = "BoredApp", "BoredApp\BoredApp.csproj", "{5C197134-4062-489C-B1CF-F5FD3103F05A}"
EndProject
Global
	GlobalSection(SolutionConfigurationPlatforms) = preSolution
		Debug|Any CPU = Debug|Any CPU
		Release|Any CPU = Release|Any CPU
		Debug|iPhoneSimulator = Debug|iPhoneSimulator
		Release|iPhoneSimulator = Release|iPhoneSimulator
		Debug|iPhone = Debug|iPhone
		Release|iPhone = Release|iPhone
	EndGlobalSection
	GlobalSection(ProjectConfigurationPlatforms) = postSolution
		{9DD4BECE-96B9-42D2-AECA-6CCDD7686625}.Debug|Any CPU.ActiveCfg = Debug|Any CPU
		{9DD4BECE-96B9-42D2-AECA-6CCDD7686625}.Debug|Any CPU.Build.0 = Debug|Any CPU
		{9DD4BECE-96B9-42D2-AECA-6CCDD7686625}.Release|Any CPU.ActiveCfg = Release|Any CPU
		{9DD4BECE-96B9-42D2-AECA-6CCDD7686625}.Release|Any CPU.Build.0 = Release|Any CPU
		{9DD4BECE-96B9-42D2-AECA-6CCDD7686625}.Debug|iPhoneSimulator.ActiveCfg = Debug|Any CPU
		{9DD4BECE-96B9-42D2-AECA-6CCDD7686625}.Debug|iPhoneSimulator.Build.0 = Debug|Any CPU
		{9DD4BECE-96B9-42D2-AECA-6CCDD7686625}.Release|iPhoneSimulator.ActiveCfg = Release|Any CPU
		{9DD4BECE-96B9-42D2-AECA-6CCDD7686625}.Release|iPhoneSimulator.Build.0 = Release|Any CPU
		{9DD4BECE-96B9-42D2-AECA-6CCDD7686625}.Debug|iPhone.ActiveCfg = Debug|Any CPU
		{9DD4BECE-96B9-42D2-AECA-6CCDD7686625}.Debug|iPhone.Build.0 = Debug|Any CPU
		{9DD4BECE-96B9-42D2-AECA-6CCDD7686625}.Release|iPhone.ActiveCfg = Release|Any CPU
		{9DD4BECE-96B9-42D2-AECA-6CCDD7686625}.Release|iPhone.Build.0 = Release|Any CPU
		{2AB5F763-9722-4CAD-B276-1FAA4CE35474}.Debug|Any CPU.ActiveCfg = Debug|iPhoneSimulator
		{2AB5F763-9722-4CAD-B276-1FAA4CE35474}.Debug|Any CPU.Build.0 = Debug|iPhoneSimulator
		{2AB5F763-9722-4CAD-B276-1FAA4CE35474}.Release|Any CPU.ActiveCfg = Release|iPhoneSimulator
		{2AB5F763-9722-4CAD-B276-1FAA4CE35474}.Release|Any CPU.Build.0 = Release|iPhoneSimulator
		{2AB5F763-9722-4CAD-B276-1FAA4CE35474}.Debug|iPhoneSimulator.ActiveCfg = Debug|iPhoneSimulator
		{2AB5F763-9722-4CAD-B276-1FAA4CE35474}.Debug|iPhoneSimulator.Build.0 = Debug|iPhoneSimulator
		{2AB5F763-9722-4CAD-B276-1FAA4CE35474}.Release|iPhoneSimulator.ActiveCfg = Release|iPhoneSimulator
		{2AB5F763-9722-4CAD-B276-1FAA4CE35474}.Release|iPhoneSimulator.Build.0 = Release|iPhoneSimulator
		{2AB5F763-9722-4CAD-B276-1FAA4CE35474}.Debug|iPhone.ActiveCfg = Debug|iPhone
		{2AB5F763-9722-4CAD-B276-1FAA4CE35474}.Debug|iPhone.Build.0 = Debug|iPhone
		{2AB5F763-9722-4CAD-B276-1FAA4CE35474}.Release|iPhone.ActiveCfg = Release|iPhone
		{2AB5F763-9722-4CAD-B276-1FAA4CE35474}.Release|iPhone.Build.0 = Release|iPhone
		{5C197134-4062-489C-B1CF-F5FD3103F05A}.Debug|Any CPU.ActiveCfg = Debug|Any CPU
		{5C197134-4062-489C-B1CF-F5FD3103F05A}.Debug|Any CPU.Build.0 = Debug|Any CPU
		{5C197134-4062-489C-B1CF-F5FD3103F05A}.Release|Any CPU.ActiveCfg = Release|Any CPU
		{5C197134-4062-489C-B1CF-F5FD3103F05A}.Release|Any CPU.Build.0 = Release|Any CPU
		{5C197134-4062-489C-B1CF-F5FD3103F05A}.Debug|iPhoneSimulator.ActiveCfg = Debug|Any CPU
		{5C197134-4062-489C-B1CF-F5FD3103F05A}.Debug|iPhoneSimulator.Build.0 = Debug|Any CPU
		{5C197134-4062-489C-B1CF-F5FD3103F05A}.Release|iPhoneSimulator.ActiveCfg = Release|Any CPU
		{5C197134-4062-489C-B1CF-F5FD3103F05A}.Release|iPhoneSimulator.Build.0 = Release|Any CPU
		{5C197134-4062-489C-B1CF-F5FD3103F05A}.Debug|iPhone.ActiveCfg = Debug|Any CPU
		{5C197134-4062-489C-B1CF-F5FD3103F05A}.Debug|iPhone.Build.0 = Debug|Any CPU
		{5C197134-4062-489C-B1CF-F5FD3103F05A}.Release|iPhone.ActiveCfg = Release|Any CPU
		{5C197134-4062-489C-B1CF-F5FD3103F05A}.Release|iPhone.Build.0 = Release|Any CPU
	EndGlobalSection
EndGlobal
